
Microsoft Visual Studio Solution File, Format Version 12.00
Project("{FAE04EC0-301F-11D3-BF4B-00C04F79EFBC}") = "Homework_one", "Homework_one\Homework_one.csproj", "{36AEBCCB-3757-44C0-BC83-5CA5D2039469}"
EndProject
Global
	GlobalSection(SolutionConfigurationPlatforms) = preSolution
		Debug|Any CPU = Debug|Any CPU
		Release|Any CPU = Release|Any CPU
	EndGlobalSection
	GlobalSection(ProjectConfigurationPlatforms) = postSolution
		{36AEBCCB-3757-44C0-BC83-5CA5D2039469}.Debug|Any CPU.ActiveCfg = Debug|Any CPU
		{36AEBCCB-3757-44C0-BC83-5CA5D2039469}.Debug|Any CPU.Build.0 = Debug|Any CPU
		{36AEBCCB-3757-44C0-BC83-5CA5D2039469}.Release|Any CPU.ActiveCfg = Release|Any CPU
		{36AEBCCB-3757-44C0-BC83-5CA5D2039469}.Release|Any CPU.Build.0 = Release|Any CPU
	EndGlobalSection
EndGlobal
